
Microsoft Visual Studio Solution File, Format Version 12.00
# Visual Studio Version 16
VisualStudioVersion = 16.0.28803.202
MinimumVisualStudioVersion = 10.0.40219.1
Project("{FAE04EC0-301F-11D3-BF4B-00C04F79EFBC}") = "BKBSports", "BKBSports\BKBSports.csproj", "{B701D60C-4693-4DF1-A817-32442AFCD66B}"
EndProject
Global
	GlobalSection(SolutionConfigurationPlatforms) = preSolution
		Debug|Any CPU = Debug|Any CPU
		Release|Any CPU = Release|Any CPU
	EndGlobalSection
	GlobalSection(ProjectConfigurationPlatforms) = postSolution
		{B701D60C-4693-4DF1-A817-32442AFCD66B}.Debug|Any CPU.ActiveCfg = Debug|Any CPU
		{B701D60C-4693-4DF1-A817-32442AFCD66B}.Debug|Any CPU.Build.0 = Debug|Any CPU
		{B701D60C-4693-4DF1-A817-32442AFCD66B}.Release|Any CPU.ActiveCfg = Release|Any CPU
		{B701D60C-4693-4DF1-A817-32442AFCD66B}.Release|Any CPU.Build.0 = Release|Any CPU
	EndGlobalSection
	GlobalSection(SolutionProperties) = preSolution
		HideSolutionNode = FALSE
	EndGlobalSection
	GlobalSection(ExtensibilityGlobals) = postSolution
		SolutionGuid = {C4799D34-E824-470E-803E-7228903CB6D2}
	EndGlobalSection
EndGlobal
